# This file is automatically @generated by Cargo.
# It is not intended for manual editing.
version = 4

[[package]]
name = "allocator-api2"
version = "0.2.21"
source = "registry+https://github.com/rust-lang/crates.io-index"
checksum = "683d7910e743518b0e34f1186f92494becacb047c7b6bf616c96772180fef923"

[[package]]
name = "anyhow"
version = "1.0.98"
source = "registry+https://github.com/rust-lang/crates.io-index"
checksum = "e16d2d3311acee920a9eb8d33b8cbc1787ce4a264e85f964c2404b969bdcd487"

[[package]]
name = "arbitrary"
version = "1.4.1"
source = "registry+https://github.com/rust-lang/crates.io-index"
checksum = "dde20b3d026af13f561bdd0f15edf01fc734f0dafcedbaf42bba506a9517f223"

[[package]]
name = "bitflags"
version = "2.9.1"
source = "registry+https://github.com/rust-lang/crates.io-index"
checksum = "1b8e56985ec62d17e9c1001dc89c88ecd7dc08e47eba5ec7c29c7b5eeecde967"

[[package]]
name = "bumpalo"
version = "3.19.0"
source = "registry+https://github.com/rust-lang/crates.io-index"
checksum = "46c5e41b57b8bba42a04676d81cb89e9ee8e859a1a66f80a5a72e1cb76b34d43"
dependencies = [
 "allocator-api2",
]

[[package]]
name = "cabish"
version = "0.2.0"
dependencies = [
 "anyhow",
]

[[package]]
name = "cc"
version = "1.2.31"
source = "registry+https://github.com/rust-lang/crates.io-index"
checksum = "c3a42d84bb6b69d3a8b3eaacf0d88f179e1929695e1ad012b6cf64d9caaa5fd2"
dependencies = [
 "shlex",
]

[[package]]
name = "cfg-if"
version = "1.0.1"
source = "registry+https://github.com/rust-lang/crates.io-index"
checksum = "9555578bc9e57714c812a1f84e4fc5b4d21fcb063490c624de019f7464c91268"

[[package]]
name = "cobs"
version = "0.3.0"
source = "registry+https://github.com/rust-lang/crates.io-index"
checksum = "0fa961b519f0b462e3a3b4a34b64d119eeaca1d59af726fe450bbba07a9fc0a1"
dependencies = [
 "thiserror",
]

[[package]]
name = "cranelift-assembler-x64"
version = "0.121.2"
source = "registry+https://github.com/rust-lang/crates.io-index"
checksum = "2ce81edaca6167d1f78da026afa92d7ff957a80aa82a79076e11cd34cde20165"
dependencies = [
 "cranelift-assembler-x64-meta",
]

[[package]]
name = "cranelift-assembler-x64-meta"
version = "0.121.2"
source = "registry+https://github.com/rust-lang/crates.io-index"
checksum = "4d0d51e12f958551165969c6e8767e1e461729f6c1ccae923b0ba1d5cbcbbbf8"
dependencies = [
 "cranelift-srcgen",
]

[[package]]
name = "cranelift-bforest"
version = "0.121.2"
source = "registry+https://github.com/rust-lang/crates.io-index"
checksum = "41294c755094d2c8a514cea903039742474423f2e91601332eab5f4094f76333"
dependencies = [
 "cranelift-entity",
]

[[package]]
name = "cranelift-bitset"
version = "0.121.2"
source = "registry+https://github.com/rust-lang/crates.io-index"
checksum = "ebb6f5d0df5bd0d02c63ec48e8f2e38a176b123f59e084f22caf89a0d0593e7e"
dependencies = [
 "serde",
 "serde_derive",
]

[[package]]
name = "cranelift-codegen"
version = "0.121.2"
source = "registry+https://github.com/rust-lang/crates.io-index"
checksum = "e543cdb278b7c15f739021cf880ee1808c68fa2402febb87edb9307f552c8fec"
dependencies = [
 "bumpalo",
 "cranelift-assembler-x64",
 "cranelift-bforest",
 "cranelift-bitset",
 "cranelift-codegen-meta",
 "cranelift-codegen-shared",
 "cranelift-control",
 "cranelift-entity",
 "cranelift-isle",
 "gimli",
 "hashbrown",
 "log",
 "pulley-interpreter",
 "regalloc2",
 "rustc-hash",
 "serde",
 "smallvec",
 "target-lexicon",
 "wasmtime-math",
]

[[package]]
name = "cranelift-codegen-meta"
version = "0.121.2"
source = "registry+https://github.com/rust-lang/crates.io-index"
checksum = "f979c75cfd712dbc754799dfe4a4d0db7a51defc2e36d006b27a8a63e018eece"
dependencies = [
 "cranelift-assembler-x64-meta",
 "cranelift-codegen-shared",
 "cranelift-srcgen",
 "pulley-interpreter",
]

[[package]]
name = "cranelift-codegen-shared"
version = "0.121.2"
source = "registry+https://github.com/rust-lang/crates.io-index"
checksum = "d2f36e74ba4033490587a47952f74390cb7d4f1fc1fa28ace50564e491f1e38f"

[[package]]
name = "cranelift-control"
version = "0.121.2"
source = "registry+https://github.com/rust-lang/crates.io-index"
checksum = "f6671962c7d65b9a7ad038cd92da6784744d8a9ecf8ded8bb9a1f7046dbe2ccf"
dependencies = [
 "arbitrary",
]

[[package]]
name = "cranelift-entity"
version = "0.121.2"
source = "registry+https://github.com/rust-lang/crates.io-index"
checksum = "ee832f8329fa87c5df6c1d64a8506a58031e6f8a190d9b21b1900272a4dbb47d"
dependencies = [
 "cranelift-bitset",
 "serde",
 "serde_derive",
]

[[package]]
name = "cranelift-frontend"
version = "0.121.2"
source = "registry+https://github.com/rust-lang/crates.io-index"
checksum = "4f7bc17aa3277214eab4b63a03544b1b46962154012b751c9f14c2a5419c6471"
dependencies = [
 "cranelift-codegen",
 "log",
 "smallvec",
 "target-lexicon",
]

[[package]]
name = "cranelift-isle"
version = "0.121.2"
source = "registry+https://github.com/rust-lang/crates.io-index"
checksum = "cff02dcecae2e7e9c61b713f1fb46eabecdca9f55b49f99859ceb1a3e7f4a9cb"

[[package]]
name = "cranelift-native"
version = "0.121.2"
source = "registry+https://github.com/rust-lang/crates.io-index"
checksum = "90f76fd681f35bdf17be9c3e516b9acc0c7bd61b81faf95496decd8e0000979c"
dependencies = [
 "cranelift-codegen",
 "libc",
 "target-lexicon",
]

[[package]]
name = "cranelift-srcgen"
version = "0.121.2"
source = "registry+https://github.com/rust-lang/crates.io-index"
checksum = "8c3d9071bc5ee5573e723d9d84a45b7025a29e8f2c5ad81b3b9d0293129541d9"

[[package]]
name = "crc32fast"
version = "1.5.0"
source = "registry+https://github.com/rust-lang/crates.io-index"
checksum = "9481c1c90cbf2ac953f07c8d4a58aa3945c425b7185c9154d67a65e4230da511"
dependencies = [
 "cfg-if",
]

[[package]]
name = "either"
version = "1.15.0"
source = "registry+https://github.com/rust-lang/crates.io-index"
checksum = "48c757948c5ede0e46177b7add2e67155f70e33c07fea8284df6576da70b3719"

[[package]]
name = "embedded-io"
version = "0.4.0"
source = "registry+https://github.com/rust-lang/crates.io-index"
checksum = "ef1a6892d9eef45c8fa6b9e0086428a2cca8491aca8f787c534a3d6d0bcb3ced"

[[package]]
name = "embedded-io"
version = "0.6.1"
source = "registry+https://github.com/rust-lang/crates.io-index"
checksum = "edd0f118536f44f5ccd48bcb8b111bdc3de888b58c74639dfb034a357d0f206d"

[[package]]
name = "encoding_rs"
version = "0.8.35"
source = "registry+https://github.com/rust-lang/crates.io-index"
checksum = "75030f3c4f45dafd7586dd6780965a8c7e8e285a5ecb86713e63a79c5b2766f3"
dependencies = [
 "cfg-if",
]

[[package]]
name = "equivalent"
version = "1.0.2"
source = "registry+https://github.com/rust-lang/crates.io-index"
checksum = "877a4ace8713b0bcf2a4e7eec82529c029f1d0619886d18145fea96c3ffe5c0f"

[[package]]
name = "errno"
version = "0.3.13"
source = "registry+https://github.com/rust-lang/crates.io-index"
checksum = "778e2ac28f6c47af28e4907f13ffd1e1ddbd400980a9abd7c8df189bf578a5ad"
dependencies = [
 "libc",
 "windows-sys 0.60.2",
]

[[package]]
name = "fallible-iterator"
version = "0.3.0"
source = "registry+https://github.com/rust-lang/crates.io-index"
checksum = "2acce4a10f12dc2fb14a218589d4f1f62ef011b2d0cc4b3cb1bba8e94da14649"

[[package]]
name = "foldhash"
version = "0.1.5"
source = "registry+https://github.com/rust-lang/crates.io-index"
checksum = "d9c4f5dac5e15c24eb999c26181a6ca40b39fe946cbe4c263c7209467bc83af2"

[[package]]
name = "gimli"
version = "0.31.1"
source = "registry+https://github.com/rust-lang/crates.io-index"
checksum = "07e28edb80900c19c28f1072f2e8aeca7fa06b23cd4169cefe1af5aa3260783f"
dependencies = [
 "fallible-iterator",
 "indexmap",
 "stable_deref_trait",
]

[[package]]
name = "hashbrown"
version = "0.15.4"
source = "registry+https://github.com/rust-lang/crates.io-index"
checksum = "5971ac85611da7067dbfcabef3c70ebb5606018acd9e2a3903a0da507521e0d5"
dependencies = [
 "foldhash",
 "serde",
]

[[package]]
name = "heck"
version = "0.5.0"
source = "registry+https://github.com/rust-lang/crates.io-index"
checksum = "2304e00983f87ffb38b55b444b5e3b60a884b5d30c0fca7d82fe33449bbe55ea"

[[package]]
name = "id-arena"
version = "2.2.1"
source = "registry+https://github.com/rust-lang/crates.io-index"
checksum = "25a2bc672d1148e28034f176e01fffebb08b35768468cc954630da77a1449005"

[[package]]
name = "indexmap"
version = "2.10.0"
source = "registry+https://github.com/rust-lang/crates.io-index"
checksum = "fe4cd85333e22411419a0bcae1297d25e58c9443848b11dc6a86fefe8c78a661"
dependencies = [
 "equivalent",
 "hashbrown",
 "serde",
]

[[package]]
name = "itertools"
version = "0.14.0"
source = "registry+https://github.com/rust-lang/crates.io-index"
checksum = "2b192c782037fadd9cfa75548310488aabdbf3d2da73885b31bd0abd03351285"
dependencies = [
 "either",
]

[[package]]
name = "itoa"
version = "1.0.15"
source = "registry+https://github.com/rust-lang/crates.io-index"
checksum = "4a5f13b858c8d314ee3e8f639011f7ccefe71f97f96e50151fb991f267928e2c"

[[package]]
name = "leb128fmt"
version = "0.1.0"
source = "registry+https://github.com/rust-lang/crates.io-index"
checksum = "09edd9e8b54e49e587e4f6295a7d29c3ea94d469cb40ab8ca70b288248a81db2"

[[package]]
name = "libc"
version = "0.2.174"
source = "registry+https://github.com/rust-lang/crates.io-index"
checksum = "1171693293099992e19cddea4e8b849964e9846f4acee11b3948bcc337be8776"

[[package]]
name = "libm"
version = "0.2.15"
source = "registry+https://github.com/rust-lang/crates.io-index"
checksum = "f9fbbcab51052fe104eb5e5d351cf728d30a5be1fe14d9be8a3b097481fb97de"

[[package]]
name = "linux-raw-sys"
version = "0.4.15"
source = "registry+https://github.com/rust-lang/crates.io-index"
checksum = "d26c52dbd32dccf2d10cac7725f8eae5296885fb5703b261f7d0a0739ec807ab"

[[package]]
name = "linux-raw-sys"
version = "0.9.4"
source = "registry+https://github.com/rust-lang/crates.io-index"
checksum = "cd945864f07fe9f5371a27ad7b52a172b4b499999f1d97574c9fa68373937e12"

[[package]]
name = "log"
version = "0.4.27"
source = "registry+https://github.com/rust-lang/crates.io-index"
checksum = "13dc2df351e3202783a1fe0d44375f7295ffb4049267b0f3018346dc122a1d94"

[[package]]
name = "mach2"
version = "0.4.3"
source = "registry+https://github.com/rust-lang/crates.io-index"
checksum = "d640282b302c0bb0a2a8e0233ead9035e3bed871f0b7e81fe4a1ec829765db44"
dependencies = [
 "libc",
]

[[package]]
name = "memchr"
version = "2.7.5"
source = "registry+https://github.com/rust-lang/crates.io-index"
checksum = "32a282da65faaf38286cf3be983213fcf1d2e2a58700e808f83f4ea9a4804bc0"

[[package]]
name = "memfd"
version = "0.6.4"
source = "registry+https://github.com/rust-lang/crates.io-index"
checksum = "b2cffa4ad52c6f791f4f8b15f0c05f9824b2ced1160e88cc393d64fff9a8ac64"
dependencies = [
 "rustix 0.38.44",
]

[[package]]
name = "object"
version = "0.36.7"
source = "registry+https://github.com/rust-lang/crates.io-index"
checksum = "62948e14d923ea95ea2c7c86c71013138b66525b86bdc08d2dcc262bdb497b87"
dependencies = [
 "crc32fast",
 "hashbrown",
 "indexmap",
 "memchr",
]

[[package]]
name = "pin-project-lite"
version = "0.2.16"
source = "registry+https://github.com/rust-lang/crates.io-index"
checksum = "3b3cff922bd51709b605d9ead9aa71031d81447142d828eb4a6eba76fe619f9b"

[[package]]
name = "postcard"
version = "1.1.3"
source = "registry+https://github.com/rust-lang/crates.io-index"
checksum = "6764c3b5dd454e283a30e6dfe78e9b31096d9e32036b5d1eaac7a6119ccb9a24"
dependencies = [
 "cobs",
 "embedded-io 0.4.0",
 "embedded-io 0.6.1",
 "serde",
]

[[package]]
name = "proc-macro2"
version = "1.0.95"
source = "registry+https://github.com/rust-lang/crates.io-index"
checksum = "02b3e5e68a3a1a02aad3ec490a98007cbc13c37cbe84a3cd7b8e406d76e7f778"
dependencies = [
 "unicode-ident",
]

[[package]]
name = "psm"
version = "0.1.26"
source = "registry+https://github.com/rust-lang/crates.io-index"
checksum = "6e944464ec8536cd1beb0bbfd96987eb5e3b72f2ecdafdc5c769a37f1fa2ae1f"
dependencies = [
 "cc",
]

[[package]]
name = "pulley-interpreter"
version = "34.0.2"
source = "registry+https://github.com/rust-lang/crates.io-index"
checksum = "be14280b69a9cbb6ada02a7aa5f7b3f1b72d1043b5bc9336990b700525dea6e3"
dependencies = [
 "cranelift-bitset",
 "log",
 "pulley-macros",
 "wasmtime-math",
]

[[package]]
name = "pulley-macros"
version = "34.0.2"
source = "registry+https://github.com/rust-lang/crates.io-index"
checksum = "076f1be746801280af4c96c4407b5fd1d09cfa53ab27ba0ac7dd8f207e7bbf83"
dependencies = [
 "proc-macro2",
 "quote",
 "syn",
]

[[package]]
name = "quote"
version = "1.0.40"
source = "registry+https://github.com/rust-lang/crates.io-index"
checksum = "1885c039570dc00dcb4ff087a89e185fd56bae234ddc7f056a945bf36467248d"
dependencies = [
 "proc-macro2",
]

[[package]]
name = "regalloc2"
version = "0.12.2"
source = "registry+https://github.com/rust-lang/crates.io-index"
checksum = "5216b1837de2149f8bc8e6d5f88a9326b63b8c836ed58ce4a0a29ec736a59734"
dependencies = [
 "allocator-api2",
 "bumpalo",
 "hashbrown",
 "log",
 "rustc-hash",
 "smallvec",
]

[[package]]
name = "rustc-hash"
version = "2.1.1"
source = "registry+https://github.com/rust-lang/crates.io-index"
checksum = "357703d41365b4b27c590e3ed91eabb1b663f07c4c084095e60cbed4362dff0d"

[[package]]
name = "rustix"
version = "0.38.44"
source = "registry+https://github.com/rust-lang/crates.io-index"
checksum = "fdb5bc1ae2baa591800df16c9ca78619bf65c0488b41b96ccec5d11220d8c154"
dependencies = [
 "bitflags",
 "errno",
 "libc",
 "linux-raw-sys 0.4.15",
 "windows-sys 0.59.0",
]

[[package]]
name = "rustix"
version = "1.0.8"
source = "registry+https://github.com/rust-lang/crates.io-index"
checksum = "11181fbabf243db407ef8df94a6ce0b2f9a733bd8be4ad02b4eda9602296cac8"
dependencies = [
 "bitflags",
 "errno",
 "libc",
 "linux-raw-sys 0.9.4",
 "windows-sys 0.60.2",
]

[[package]]
name = "ryu"
version = "1.0.20"
source = "registry+https://github.com/rust-lang/crates.io-index"
checksum = "28d3b2b1366ec20994f1fd18c3c594f05c5dd4bc44d8bb0c1c632c8d6829481f"

[[package]]
name = "semver"
version = "1.0.26"
source = "registry+https://github.com/rust-lang/crates.io-index"
checksum = "56e6fa9c48d24d85fb3de5ad847117517440f6beceb7798af16b4a87d616b8d0"
dependencies = [
 "serde",
]

[[package]]
name = "serde"
version = "1.0.219"
source = "registry+https://github.com/rust-lang/crates.io-index"
checksum = "5f0e2c6ed6606019b4e29e69dbaba95b11854410e5347d525002456dbbb786b6"
dependencies = [
 "serde_derive",
]

[[package]]
name = "serde_derive"
version = "1.0.219"
source = "registry+https://github.com/rust-lang/crates.io-index"
checksum = "5b0276cf7f2c73365f7157c8123c21cd9a50fbbd844757af28ca1f5925fc2a00"
dependencies = [
 "proc-macro2",
 "quote",
 "syn",
]

[[package]]
name = "serde_json"
version = "1.0.142"
source = "registry+https://github.com/rust-lang/crates.io-index"
checksum = "030fedb782600dcbd6f02d479bf0d817ac3bb40d644745b769d6a96bc3afc5a7"
dependencies = [
 "itoa",
 "memchr",
 "ryu",
 "serde",
]

[[package]]
name = "shlex"
version = "1.3.0"
source = "registry+https://github.com/rust-lang/crates.io-index"
checksum = "0fda2ff0d084019ba4d7c6f371c95d8fd75ce3524c3cb8fb653a3023f6323e64"

[[package]]
name = "smallvec"
version = "1.15.1"
source = "registry+https://github.com/rust-lang/crates.io-index"
checksum = "67b1b7a3b5fe4f1376887184045fcf45c69e92af734b7aaddc05fb777b6fbd03"
dependencies = [
 "serde",
]

[[package]]
name = "stable_deref_trait"
version = "1.2.0"
source = "registry+https://github.com/rust-lang/crates.io-index"
checksum = "a8f112729512f8e442d81f95a8a7ddf2b7c6b8a1a6f509a95864142b30cab2d3"

[[package]]
name = "syn"
version = "2.0.104"
source = "registry+https://github.com/rust-lang/crates.io-index"
checksum = "17b6f705963418cdb9927482fa304bc562ece2fdd4f616084c50b7023b435a40"
dependencies = [
 "proc-macro2",
 "quote",
 "unicode-ident",
]

[[package]]
name = "target-lexicon"
version = "0.13.2"
source = "registry+https://github.com/rust-lang/crates.io-index"
checksum = "e502f78cdbb8ba4718f566c418c52bc729126ffd16baee5baa718cf25dd5a69a"

[[package]]
name = "termcolor"
version = "1.4.1"
source = "registry+https://github.com/rust-lang/crates.io-index"
checksum = "06794f8f6c5c898b3275aebefa6b8a1cb24cd2c6c79397ab15774837a0bc5755"
dependencies = [
 "winapi-util",
]

[[package]]
name = "thiserror"
version = "2.0.12"
source = "registry+https://github.com/rust-lang/crates.io-index"
checksum = "567b8a2dae586314f7be2a752ec7474332959c6460e02bde30d702a66d488708"
dependencies = [
 "thiserror-impl",
]

[[package]]
name = "thiserror-impl"
version = "2.0.12"
source = "registry+https://github.com/rust-lang/crates.io-index"
checksum = "7f7cf42b4507d8ea322120659672cf1b9dbb93f8f2d4ecfd6e51350ff5b17a1d"
dependencies = [
 "proc-macro2",
 "quote",
 "syn",
]

[[package]]
name = "tracing"
version = "0.1.41"
source = "registry+https://github.com/rust-lang/crates.io-index"
checksum = "784e0ac535deb450455cbfa28a6f0df145ea1bb7ae51b821cf5e7927fdcfbdd0"
dependencies = [
 "pin-project-lite",
 "tracing-attributes",
 "tracing-core",
]

[[package]]
name = "tracing-attributes"
version = "0.1.30"
source = "registry+https://github.com/rust-lang/crates.io-index"
checksum = "81383ab64e72a7a8b8e13130c49e3dab29def6d0c7d76a03087b3cf71c5c6903"
dependencies = [
 "proc-macro2",
 "quote",
 "syn",
]

[[package]]
name = "tracing-core"
version = "0.1.34"
source = "registry+https://github.com/rust-lang/crates.io-index"
checksum = "b9d12581f227e93f094d3af2ae690a574abb8a2b9b7a96e7cfe9647b2b617678"

[[package]]
name = "unicode-ident"
version = "1.0.18"
source = "registry+https://github.com/rust-lang/crates.io-index"
checksum = "5a5f39404a5da50712a4c1eecf25e90dd62b613502b7e925fd4e4d19b5c96512"

[[package]]
name = "unicode-xid"
version = "0.2.6"
source = "registry+https://github.com/rust-lang/crates.io-index"
checksum = "ebc1c04c71510c7f702b52b7c350734c9ff1295c464a03335b00bb84fc54f853"

[[package]]
name = "wasm-encoder"
version = "0.233.0"
source = "registry+https://github.com/rust-lang/crates.io-index"
checksum = "9679ae3cf7cfa2ca3a327f7fab97f27f3294d402fd1a76ca8ab514e17973e4d3"
dependencies = [
 "leb128fmt",
 "wasmparser",
]

[[package]]
name = "wasmparser"
version = "0.233.0"
source = "registry+https://github.com/rust-lang/crates.io-index"
checksum = "b51cb03afce7964bbfce46602d6cb358726f36430b6ba084ac6020d8ce5bc102"
dependencies = [
 "bitflags",
 "hashbrown",
 "indexmap",
 "semver",
 "serde",
]

[[package]]
name = "wasmprinter"
version = "0.233.0"
source = "registry+https://github.com/rust-lang/crates.io-index"
checksum = "abf8e5b732895c99b21aa615f1b73352e51bbe2b2cb6c87eae7f990d07c1ac18"
dependencies = [
 "anyhow",
 "termcolor",
 "wasmparser",
]

[[package]]
name = "wasmtime"
version = "34.0.2"
source = "registry+https://github.com/rust-lang/crates.io-index"
checksum = "ec10e50038f22ab407fdd8708120b8feed3450a02618efcf26ca47e82122927d"
dependencies = [
 "anyhow",
 "bitflags",
 "bumpalo",
 "cc",
 "cfg-if",
 "encoding_rs",
 "hashbrown",
 "indexmap",
 "libc",
 "log",
 "mach2",
 "memfd",
 "object",
 "postcard",
 "psm",
 "pulley-interpreter",
 "rustix 1.0.8",
 "semver",
 "serde",
 "serde_derive",
 "smallvec",
 "target-lexicon",
 "wasmparser",
 "wasmtime-asm-macros",
 "wasmtime-component-macro",
 "wasmtime-component-util",
 "wasmtime-cranelift",
 "wasmtime-environ",
 "wasmtime-jit-icache-coherence",
 "wasmtime-math",
 "wasmtime-slab",
 "wasmtime-versioned-export-macros",
 "wasmtime-winch",
 "windows-sys 0.59.0",
]

[[package]]
name = "wasmtime-asm-macros"
version = "34.0.2"
source = "registry+https://github.com/rust-lang/crates.io-index"
checksum = "4d379cda46d6fd18619e282a75fbb09b70b3d0f166b605f45b4059dfaf9dc6ce"
dependencies = [
 "cfg-if",
]

[[package]]
name = "wasmtime-cabish"
version = "0.3.1"
dependencies = [
 "anyhow",
 "cabish",
 "tracing",
 "wasmtime",
]

[[package]]
name = "wasmtime-component-macro"
version = "34.0.2"
source = "registry+https://github.com/rust-lang/crates.io-index"
checksum = "6b08be093e0a876da45f79070c2ada4656f2785eb77c01b86ce60be3153920a5"
dependencies = [
 "anyhow",
 "proc-macro2",
 "quote",
 "syn",
 "wasmtime-component-util",
 "wasmtime-wit-bindgen",
 "wit-parser",
]

[[package]]
name = "wasmtime-component-util"
version = "34.0.2"
source = "registry+https://github.com/rust-lang/crates.io-index"
checksum = "f0451ce0dd94a33d0dbd57934ce666a04c2753a5262ca2bc84cf6a67cf5303dc"

[[package]]
name = "wasmtime-cranelift"
version = "34.0.2"
source = "registry+https://github.com/rust-lang/crates.io-index"
checksum = "15aa836683d7398f13f2f26bbe74c404ceaba66b6bbb96700d6b7f91bec90e03"
dependencies = [
 "anyhow",
 "cfg-if",
 "cranelift-codegen",
 "cranelift-control",
 "cranelift-entity",
 "cranelift-frontend",
 "cranelift-native",
 "gimli",
 "itertools",
 "log",
 "object",
 "pulley-interpreter",
 "smallvec",
 "target-lexicon",
 "thiserror",
 "wasmparser",
 "wasmtime-environ",
 "wasmtime-math",
 "wasmtime-versioned-export-macros",
]

[[package]]
name = "wasmtime-environ"
version = "34.0.2"
source = "registry+https://github.com/rust-lang/crates.io-index"
checksum = "317081a0cbbb1f749d348b262575608fc082d47ab11b6247bbe9163eeb955777"
dependencies = [
 "anyhow",
 "cranelift-bitset",
 "cranelift-entity",
 "gimli",
 "indexmap",
 "log",
 "object",
 "postcard",
 "semver",
 "serde",
 "serde_derive",
 "smallvec",
 "target-lexicon",
 "wasm-encoder",
 "wasmparser",
 "wasmprinter",
 "wasmtime-component-util",
]

[[package]]
name = "wasmtime-jit-icache-coherence"
version = "34.0.2"
source = "registry+https://github.com/rust-lang/crates.io-index"
checksum = "8ea6b740d1a35f2cebfe88e013ac8a4a84ff8dabc3a392df920abf554e871cf2"
dependencies = [
 "anyhow",
 "cfg-if",
 "libc",
 "windows-sys 0.59.0",
]

[[package]]
name = "wasmtime-math"
version = "34.0.2"
source = "registry+https://github.com/rust-lang/crates.io-index"
checksum = "62fa317691aedc64aae3a86b3d786e4b2b0007bc0b56e0b6098b8b5a85ab2134"
dependencies = [
 "libm",
]

[[package]]
name = "wasmtime-slab"
version = "34.0.2"
source = "registry+https://github.com/rust-lang/crates.io-index"
checksum = "60a06819d24370273021054b50589e3078e7f5cfac15515e58b3fbbebf5e5b39"

[[package]]
name = "wasmtime-versioned-export-macros"
version = "34.0.2"
source = "registry+https://github.com/rust-lang/crates.io-index"
checksum = "9ca100ed168ffc9b37aefc07a5be440645eab612a2ff6e2ff884e8cc3740e666"
dependencies = [
 "proc-macro2",
 "quote",
 "syn",
]

[[package]]
name = "wasmtime-winch"
version = "34.0.2"
source = "registry+https://github.com/rust-lang/crates.io-index"
checksum = "595f51430606a7b5578f34e0d7c73dca52a22ed24756f2ba9d4d0c1bde8631af"
dependencies = [
 "anyhow",
 "cranelift-codegen",
 "gimli",
 "object",
 "target-lexicon",
 "wasmparser",
 "wasmtime-cranelift",
 "wasmtime-environ",
 "winch-codegen",
]

[[package]]
name = "wasmtime-wit-bindgen"
version = "34.0.2"
source = "registry+https://github.com/rust-lang/crates.io-index"
checksum = "233fdcb96f9097be697319ba647ef42bdbdb40e89f04c8ae3713103813b5b793"
dependencies = [
 "anyhow",
 "heck",
 "indexmap",
 "wit-parser",
]

[[package]]
name = "winapi-util"
version = "0.1.9"
source = "registry+https://github.com/rust-lang/crates.io-index"
checksum = "cf221c93e13a30d793f7645a0e7762c55d169dbb0a49671918a2319d289b10bb"
dependencies = [
 "windows-sys 0.59.0",
]

[[package]]
name = "winch-codegen"
version = "34.0.2"
source = "registry+https://github.com/rust-lang/crates.io-index"
checksum = "cdf007d7940f62127ce4f33a8aa92dadedfdc78c3860a057e06c8c24e26e180d"
dependencies = [
 "anyhow",
 "cranelift-assembler-x64",
 "cranelift-codegen",
 "gimli",
 "regalloc2",
 "smallvec",
 "target-lexicon",
 "thiserror",
 "wasmparser",
 "wasmtime-cranelift",
 "wasmtime-environ",
 "wasmtime-math",
]

[[package]]
name = "windows-link"
version = "0.1.3"
source = "registry+https://github.com/rust-lang/crates.io-index"
checksum = "5e6ad25900d524eaabdbbb96d20b4311e1e7ae1699af4fb28c17ae66c80d798a"

[[package]]
name = "windows-sys"
version = "0.59.0"
source = "registry+https://github.com/rust-lang/crates.io-index"
checksum = "1e38bc4d79ed67fd075bcc251a1c39b32a1776bbe92e5bef1f0bf1f8c531853b"
dependencies = [
 "windows-targets 0.52.6",
]

[[package]]
name = "windows-sys"
version = "0.60.2"
source = "registry+https://github.com/rust-lang/crates.io-index"
checksum = "f2f500e4d28234f72040990ec9d39e3a6b950f9f22d3dba18416c35882612bcb"
dependencies = [
 "windows-targets 0.53.3",
]

[[package]]
name = "windows-targets"
version = "0.52.6"
source = "registry+https://github.com/rust-lang/crates.io-index"
checksum = "9b724f72796e036ab90c1021d4780d4d3d648aca59e491e6b98e725b84e99973"
dependencies = [
 "windows_aarch64_gnullvm 0.52.6",
 "windows_aarch64_msvc 0.52.6",
 "windows_i686_gnu 0.52.6",
 "windows_i686_gnullvm 0.52.6",
 "windows_i686_msvc 0.52.6",
 "windows_x86_64_gnu 0.52.6",
 "windows_x86_64_gnullvm 0.52.6",
 "windows_x86_64_msvc 0.52.6",
]

[[package]]
name = "windows-targets"
version = "0.53.3"
source = "registry+https://github.com/rust-lang/crates.io-index"
checksum = "d5fe6031c4041849d7c496a8ded650796e7b6ecc19df1a431c1a363342e5dc91"
dependencies = [
 "windows-link",
 "windows_aarch64_gnullvm 0.53.0",
 "windows_aarch64_msvc 0.53.0",
 "windows_i686_gnu 0.53.0",
 "windows_i686_gnullvm 0.53.0",
 "windows_i686_msvc 0.53.0",
 "windows_x86_64_gnu 0.53.0",
 "windows_x86_64_gnullvm 0.53.0",
 "windows_x86_64_msvc 0.53.0",
]

[[package]]
name = "windows_aarch64_gnullvm"
version = "0.52.6"
source = "registry+https://github.com/rust-lang/crates.io-index"
checksum = "32a4622180e7a0ec044bb555404c800bc9fd9ec262ec147edd5989ccd0c02cd3"

[[package]]
name = "windows_aarch64_gnullvm"
version = "0.53.0"
source = "registry+https://github.com/rust-lang/crates.io-index"
checksum = "86b8d5f90ddd19cb4a147a5fa63ca848db3df085e25fee3cc10b39b6eebae764"

[[package]]
name = "windows_aarch64_msvc"
version = "0.52.6"
source = "registry+https://github.com/rust-lang/crates.io-index"
checksum = "09ec2a7bb152e2252b53fa7803150007879548bc709c039df7627cabbd05d469"

[[package]]
name = "windows_aarch64_msvc"
version = "0.53.0"
source = "registry+https://github.com/rust-lang/crates.io-index"
checksum = "c7651a1f62a11b8cbd5e0d42526e55f2c99886c77e007179efff86c2b137e66c"

[[package]]
name = "windows_i686_gnu"
version = "0.52.6"
source = "registry+https://github.com/rust-lang/crates.io-index"
checksum = "8e9b5ad5ab802e97eb8e295ac6720e509ee4c243f69d781394014ebfe8bbfa0b"

[[package]]
name = "windows_i686_gnu"
version = "0.53.0"
source = "registry+https://github.com/rust-lang/crates.io-index"
checksum = "c1dc67659d35f387f5f6c479dc4e28f1d4bb90ddd1a5d3da2e5d97b42d6272c3"

[[package]]
name = "windows_i686_gnullvm"
version = "0.52.6"
source = "registry+https://github.com/rust-lang/crates.io-index"
checksum = "0eee52d38c090b3caa76c563b86c3a4bd71ef1a819287c19d586d7334ae8ed66"

[[package]]
name = "windows_i686_gnullvm"
version = "0.53.0"
source = "registry+https://github.com/rust-lang/crates.io-index"
checksum = "9ce6ccbdedbf6d6354471319e781c0dfef054c81fbc7cf83f338a4296c0cae11"

[[package]]
name = "windows_i686_msvc"
version = "0.52.6"
source = "registry+https://github.com/rust-lang/crates.io-index"
checksum = "240948bc05c5e7c6dabba28bf89d89ffce3e303022809e73deaefe4f6ec56c66"

[[package]]
name = "windows_i686_msvc"
version = "0.53.0"
source = "registry+https://github.com/rust-lang/crates.io-index"
checksum = "581fee95406bb13382d2f65cd4a908ca7b1e4c2f1917f143ba16efe98a589b5d"

[[package]]
name = "windows_x86_64_gnu"
version = "0.52.6"
source = "registry+https://github.com/rust-lang/crates.io-index"
checksum = "147a5c80aabfbf0c7d901cb5895d1de30ef2907eb21fbbab29ca94c5b08b1a78"

[[package]]
name = "windows_x86_64_gnu"
version = "0.53.0"
source = "registry+https://github.com/rust-lang/crates.io-index"
checksum = "2e55b5ac9ea33f2fc1716d1742db15574fd6fc8dadc51caab1c16a3d3b4190ba"

[[package]]
name = "windows_x86_64_gnullvm"
version = "0.52.6"
source = "registry+https://github.com/rust-lang/crates.io-index"
checksum = "24d5b23dc417412679681396f2b49f3de8c1473deb516bd34410872eff51ed0d"

[[package]]
name = "windows_x86_64_gnullvm"
version = "0.53.0"
source = "registry+https://github.com/rust-lang/crates.io-index"
checksum = "0a6e035dd0599267ce1ee132e51c27dd29437f63325753051e71dd9e42406c57"

[[package]]
name = "windows_x86_64_msvc"
version = "0.52.6"
source = "registry+https://github.com/rust-lang/crates.io-index"
checksum = "589f6da84c646204747d1270a2a5661ea66ed1cced2631d546fdfb155959f9ec"

[[package]]
name = "windows_x86_64_msvc"
version = "0.53.0"
source = "registry+https://github.com/rust-lang/crates.io-index"
checksum = "271414315aff87387382ec3d271b52d7ae78726f5d44ac98b4f4030c91880486"

[[package]]
name = "wit-parser"
version = "0.233.0"
source = "registry+https://github.com/rust-lang/crates.io-index"
checksum = "f22f1cd55247a2e616870b619766e9522df36b7abafbb29bbeb34b7a9da7e9f0"
dependencies = [
 "anyhow",
 "id-arena",
 "indexmap",
 "log",
 "semver",
 "serde",
 "serde_derive",
 "serde_json",
 "unicode-xid",
 "wasmparser",
]
